// !$*UTF8*$!
{
	archiveVersion = 1;
	classes = {
	};
	objectVersion = 50;
	objects = {

/* Begin PBXBuildFile section */
		B63A89612380446200951FC0 /* AppDelegate.swift in Sources */ = {isa = PBXBuildFile; fileRef = B63A89602380446200951FC0 /* AppDelegate.swift */; };
		B63A89632380446200951FC0 /* SceneDelegate.swift in Sources */ = {isa = PBXBuildFile; fileRef = B63A89622380446200951FC0 /* SceneDelegate.swift */; };
		B63A89652380446200951FC0 /* LoginView.swift in Sources */ = {isa = PBXBuildFile; fileRef = B63A89642380446200951FC0 /* LoginView.swift */; };
		B63A89672380446E00951FC0 /* Assets.xcassets in Resources */ = {isa = PBXBuildFile; fileRef = B63A89662380446E00951FC0 /* Assets.xcassets */; };
		B63A896A2380446E00951FC0 /* Preview Assets.xcassets in Resources */ = {isa = PBXBuildFile; fileRef = B63A89692380446E00951FC0 /* Preview Assets.xcassets */; };
		B63A896D2380446E00951FC0 /* LaunchScreen.storyboard in Resources */ = {isa = PBXBuildFile; fileRef = B63A896B2380446E00951FC0 /* LaunchScreen.storyboard */; };
		B6412518238DD183000C04D8 /* MovieViewBuilder.swift in Sources */ = {isa = PBXBuildFile; fileRef = B6412517238DD183000C04D8 /* MovieViewBuilder.swift */; };
		B6475F40238056E3007FBF7F /* LoginViewModel.swift in Sources */ = {isa = PBXBuildFile; fileRef = B6475F3F238056E3007FBF7F /* LoginViewModel.swift */; };
		B6475F422381A6A9007FBF7F /* LoadingView.swift in Sources */ = {isa = PBXBuildFile; fileRef = B6475F412381A6A9007FBF7F /* LoadingView.swift */; };
		B6475F462381B437007FBF7F /* UIColor+Extension.swift in Sources */ = {isa = PBXBuildFile; fileRef = B6475F452381B436007FBF7F /* UIColor+Extension.swift */; };
		B6475F482381B87D007FBF7F /* MockLogin.swift in Sources */ = {isa = PBXBuildFile; fileRef = B6475F472381B87D007FBF7F /* MockLogin.swift */; };
		B6475F4A2381B8F1007FBF7F /* SessionEnviroment.swift in Sources */ = {isa = PBXBuildFile; fileRef = B6475F492381B8F1007FBF7F /* SessionEnviroment.swift */; };
		B6856DBA2381D78600B71965 /* MovieView.swift in Sources */ = {isa = PBXBuildFile; fileRef = B6856DB92381D78600B71965 /* MovieView.swift */; };
		B6856DBD2381D7FD00B71965 /* MovieViewModel.swift in Sources */ = {isa = PBXBuildFile; fileRef = B6856DBC2381D7FD00B71965 /* MovieViewModel.swift */; };
/* End PBXBuildFile section */

/* Begin PBXFileReference section */
		B63A895D2380446200951FC0 /* DiagnosticApp.app */ = {isa = PBXFileReference; explicitFileType = wrapper.application; includeInIndex = 0; path = DiagnosticApp.app; sourceTree = BUILT_PRODUCTS_DIR; };
		B63A89602380446200951FC0 /* AppDelegate.swift */ = {isa = PBXFileReference; lastKnownFileType = sourcecode.swift; path = AppDelegate.swift; sourceTree = "<group>"; };
		B63A89622380446200951FC0 /* SceneDelegate.swift */ = {isa = PBXFileReference; lastKnownFileType = sourcecode.swift; path = SceneDelegate.swift; sourceTree = "<group>"; };
		B63A89642380446200951FC0 /* LoginView.swift */ = {isa = PBXFileReference; lastKnownFileType = sourcecode.swift; path = LoginView.swift; sourceTree = "<group>"; };
		B63A89662380446E00951FC0 /* Assets.xcassets */ = {isa = PBXFileReference; lastKnownFileType = folder.assetcatalog; path = Assets.xcassets; sourceTree = "<group>"; };
		B63A89692380446E00951FC0 /* Preview Assets.xcassets */ = {isa = PBXFileReference; lastKnownFileType = folder.assetcatalog; path = "Preview Assets.xcassets"; sourceTree = "<group>"; };
		B63A896C2380446E00951FC0 /* Base */ = {isa = PBXFileReference; lastKnownFileType = file.storyboard; name = Base; path = Base.lproj/LaunchScreen.storyboard; sourceTree = "<group>"; };
		B63A896E2380446E00951FC0 /* Info.plist */ = {isa = PBXFileReference; lastKnownFileType = text.plist.xml; path = Info.plist; sourceTree = "<group>"; };
		B6412517238DD183000C04D8 /* MovieViewBuilder.swift */ = {isa = PBXFileReference; lastKnownFileType = sourcecode.swift; path = MovieViewBuilder.swift; sourceTree = "<group>"; };
		B6475F3F238056E3007FBF7F /* LoginViewModel.swift */ = {isa = PBXFileReference; lastKnownFileType = sourcecode.swift; path = LoginViewModel.swift; sourceTree = "<group>"; };
		B6475F412381A6A9007FBF7F /* LoadingView.swift */ = {isa = PBXFileReference; lastKnownFileType = sourcecode.swift; path = LoadingView.swift; sourceTree = "<group>"; };
		B6475F452381B436007FBF7F /* UIColor+Extension.swift */ = {isa = PBXFileReference; fileEncoding = 4; lastKnownFileType = sourcecode.swift; path = "UIColor+Extension.swift"; sourceTree = "<group>"; };
		B6475F472381B87D007FBF7F /* MockLogin.swift */ = {isa = PBXFileReference; lastKnownFileType = sourcecode.swift; path = MockLogin.swift; sourceTree = "<group>"; };
		B6475F492381B8F1007FBF7F /* SessionEnviroment.swift */ = {isa = PBXFileReference; lastKnownFileType = sourcecode.swift; path = SessionEnviroment.swift; sourceTree = "<group>"; };
		B6856DB92381D78600B71965 /* MovieView.swift */ = {isa = PBXFileReference; lastKnownFileType = sourcecode.swift; path = MovieView.swift; sourceTree = "<group>"; };
		B6856DBC2381D7FD00B71965 /* MovieViewModel.swift */ = {isa = PBXFileReference; lastKnownFileType = sourcecode.swift; path = MovieViewModel.swift; sourceTree = "<group>"; };
/* End PBXFileReference section */

/* Begin PBXFrameworksBuildPhase section */
		B63A895A2380446200951FC0 /* Frameworks */ = {
			isa = PBXFrameworksBuildPhase;
			buildActionMask = 2147483647;
			files = (
			);
			runOnlyForDeploymentPostprocessing = 0;
		};
/* End PBXFrameworksBuildPhase section */

/* Begin PBXGroup section */
		B63A89542380446200951FC0 = {
			isa = PBXGroup;
			children = (
				B63A895F2380446200951FC0 /* DiagnosticApp */,
				B63A895E2380446200951FC0 /* Products */,
			);
			sourceTree = "<group>";
		};
		B63A895E2380446200951FC0 /* Products */ = {
			isa = PBXGroup;
			children = (
				B63A895D2380446200951FC0 /* DiagnosticApp.app */,
			);
			name = Products;
			sourceTree = "<group>";
		};
		B63A895F2380446200951FC0 /* DiagnosticApp */ = {
			isa = PBXGroup;
			children = (
				B63A89602380446200951FC0 /* AppDelegate.swift */,
				B63A89622380446200951FC0 /* SceneDelegate.swift */,
				B6475F4B2381B98C007FBF7F /* Service */,
				B6475F432381AAF5007FBF7F /* Views */,
				B63A89662380446E00951FC0 /* Assets.xcassets */,
				B63A896B2380446E00951FC0 /* LaunchScreen.storyboard */,
				B6475F452381B436007FBF7F /* UIColor+Extension.swift */,
				B63A896E2380446E00951FC0 /* Info.plist */,
				B63A89682380446E00951FC0 /* Preview Content */,
			);
			path = DiagnosticApp;
			sourceTree = "<group>";
		};
		B63A89682380446E00951FC0 /* Preview Content */ = {
			isa = PBXGroup;
			children = (
				B63A89692380446E00951FC0 /* Preview Assets.xcassets */,
			);
			path = "Preview Content";
			sourceTree = "<group>";
		};
		B6475F432381AAF5007FBF7F /* Views */ = {
			isa = PBXGroup;
			children = (
				B6475F442381AB05007FBF7F /* Login */,
				B6475F412381A6A9007FBF7F /* LoadingView.swift */,
				B6856DBB2381D78D00B71965 /* Main */,
			);
			path = Views;
			sourceTree = "<group>";
		};
		B6475F442381AB05007FBF7F /* Login */ = {
			isa = PBXGroup;
			children = (
				B63A89642380446200951FC0 /* LoginView.swift */,
				B6475F3F238056E3007FBF7F /* LoginViewModel.swift */,
			);
			path = Login;
			sourceTree = "<group>";
		};
		B6475F4B2381B98C007FBF7F /* Service */ = {
			isa = PBXGroup;
			children = (
				B6475F4D2381B9A2007FBF7F /* Login */,
				B6475F4C2381B99A007FBF7F /* Network */,
			);
			path = Service;
			sourceTree = "<group>";
		};
		B6475F4C2381B99A007FBF7F /* Network */ = {
			isa = PBXGroup;
			children = (
				B6475F492381B8F1007FBF7F /* SessionEnviroment.swift */,
			);
			path = Network;
			sourceTree = "<group>";
		};
		B6475F4D2381B9A2007FBF7F /* Login */ = {
			isa = PBXGroup;
			children = (
				B6475F472381B87D007FBF7F /* MockLogin.swift */,
			);
			path = Login;
			sourceTree = "<group>";
		};
		B6856DBB2381D78D00B71965 /* Main */ = {
			isa = PBXGroup;
			children = (
				B6856DB92381D78600B71965 /* MovieView.swift */,
				B6856DBC2381D7FD00B71965 /* MovieViewModel.swift */,
				B6412517238DD183000C04D8 /* MovieViewBuilder.swift */,
			);
			path = Main;
			sourceTree = "<group>";
		};
/* End PBXGroup section */

/* Begin PBXNativeTarget section */
		B63A895C2380446200951FC0 /* DiagnosticApp */ = {
			isa = PBXNativeTarget;
			buildConfigurationList = B63A89712380446E00951FC0 /* Build configuration list for PBXNativeTarget "DiagnosticApp" */;
			buildPhases = (
				B63A89592380446200951FC0 /* Sources */,
				B63A895A2380446200951FC0 /* Frameworks */,
				B63A895B2380446200951FC0 /* Resources */,
			);
			buildRules = (
			);
			dependencies = (
			);
			name = DiagnosticApp;
			productName = DiagnosticApp;
			productReference = B63A895D2380446200951FC0 /* DiagnosticApp.app */;
			productType = "com.apple.product-type.application";
		};
/* End PBXNativeTarget section */

/* Begin PBXProject section */
		B63A89552380446200951FC0 /* Project object */ = {
			isa = PBXProject;
			attributes = {
				LastSwiftUpdateCheck = 1120;
				LastUpgradeCheck = 1120;
				ORGANIZATIONNAME = "Dominic Lanzillotta";
				TargetAttributes = {
					B63A895C2380446200951FC0 = {
						CreatedOnToolsVersion = 11.2.1;
					};
				};
			};
			buildConfigurationList = B63A89582380446200951FC0 /* Build configuration list for PBXProject "DiagnosticApp" */;
			compatibilityVersion = "Xcode 9.3";
			developmentRegion = en;
			hasScannedForEncodings = 0;
			knownRegions = (
				en,
				Base,
			);
			mainGroup = B63A89542380446200951FC0;
			productRefGroup = B63A895E2380446200951FC0 /* Products */;
			projectDirPath = "";
			projectRoot = "";
			targets = (
				B63A895C2380446200951FC0 /* DiagnosticApp */,
			);
		};
/* End PBXProject section */

/* Begin PBXResourcesBuildPhase section */
		B63A895B2380446200951FC0 /* Resources */ = {
			isa = PBXResourcesBuildPhase;
			buildActionMask = 2147483647;
			files = (
				B63A896D2380446E00951FC0 /* LaunchScreen.storyboard in Resources */,
				B63A896A2380446E00951FC0 /* Preview Assets.xcassets in Resources */,
				B63A89672380446E00951FC0 /* Assets.xcassets in Resources */,
			);
			runOnlyForDeploymentPostprocessing = 0;
		};
/* End PBXResourcesBuildPhase section */

/* Begin PBXSourcesBuildPhase section */
		B63A89592380446200951FC0 /* Sources */ = {
			isa = PBXSourcesBuildPhase;
			buildActionMask = 2147483647;
			files = (
				B6475F40238056E3007FBF7F /* LoginViewModel.swift in Sources */,
				B6856DBA2381D78600B71965 /* MovieView.swift in Sources */,
				B63A89612380446200951FC0 /* AppDelegate.swift in Sources */,
				B63A89632380446200951FC0 /* SceneDelegate.swift in Sources */,
				B6475F422381A6A9007FBF7F /* LoadingView.swift in Sources */,
				B6856DBD2381D7FD00B71965 /* MovieViewModel.swift in Sources */,
				B63A89652380446200951FC0 /* LoginView.swift in Sources */,
				B6475F4A2381B8F1007FBF7F /* SessionEnviroment.swift in Sources */,
				B6475F462381B437007FBF7F /* UIColor+Extension.swift in Sources */,
				B6412518238DD183000C04D8 /* MovieViewBuilder.swift in Sources */,
				B6475F482381B87D007FBF7F /* MockLogin.swift in Sources */,
			);
			runOnlyForDeploymentPostprocessing = 0;
		};
/* End PBXSourcesBuildPhase section */

/* Begin PBXVariantGroup section */
		B63A896B2380446E00951FC0 /* LaunchScreen.storyboard */ = {
			isa = PBXVariantGroup;
			children = (
				B63A896C2380446E00951FC0 /* Base */,
			);
			name = LaunchScreen.storyboard;
			sourceTree = "<group>";
		};
/* End PBXVariantGroup section */

/* Begin XCBuildConfiguration section */
		B63A896F2380446E00951FC0 /* Debug */ = {
			isa = XCBuildConfiguration;
			buildSettings = {
				ALWAYS_SEARCH_USER_PATHS = NO;
				CLANG_ANALYZER_NONNULL = YES;
				CLANG_ANALYZER_NUMBER_OBJECT_CONVERSION = YES_AGGRESSIVE;
				CLANG_CXX_LANGUAGE_STANDARD = "gnu++14";
				CLANG_CXX_LIBRARY = "libc++";
				CLANG_ENABLE_MODULES = YES;
				CLANG_ENABLE_OBJC_ARC = YES;
				CLANG_ENABLE_OBJC_WEAK = YES;
				CLANG_WARN_BLOCK_CAPTURE_AUTORELEASING = YES;
				CLANG_WARN_BOOL_CONVERSION = YES;
				CLANG_WARN_COMMA = YES;
				CLANG_WARN_CONSTANT_CONVERSION = YES;
				CLANG_WARN_DEPRECATED_OBJC_IMPLEMENTATIONS = YES;
				CLANG_WARN_DIRECT_OBJC_ISA_USAGE = YES_ERROR;
				CLANG_WARN_DOCUMENTATION_COMMENTS = YES;
				CLANG_WARN_EMPTY_BODY = YES;
				CLANG_WARN_ENUM_CONVERSION = YES;
				CLANG_WARN_INFINITE_RECURSION = YES;
				CLANG_WARN_INT_CONVERSION = YES;
				CLANG_WARN_NON_LITERAL_NULL_CONVERSION = YES;
				CLANG_WARN_OBJC_IMPLICIT_RETAIN_SELF = YES;
				CLANG_WARN_OBJC_LITERAL_CONVERSION = YES;
				CLANG_WARN_OBJC_ROOT_CLASS = YES_ERROR;
				CLANG_WARN_RANGE_LOOP_ANALYSIS = YES;
				CLANG_WARN_STRICT_PROTOTYPES = YES;
				CLANG_WARN_SUSPICIOUS_MOVE = YES;
				CLANG_WARN_UNGUARDED_AVAILABILITY = YES_AGGRESSIVE;
				CLANG_WARN_UNREACHABLE_CODE = YES;
				CLANG_WARN__DUPLICATE_METHOD_MATCH = YES;
				COPY_PHASE_STRIP = NO;
				DEBUG_INFORMATION_FORMAT = dwarf;
				ENABLE_STRICT_OBJC_MSGSEND = YES;
				ENABLE_TESTABILITY = YES;
				GCC_C_LANGUAGE_STANDARD = gnu11;
				GCC_DYNAMIC_NO_PIC = NO;
				GCC_NO_COMMON_BLOCKS = YES;
				GCC_OPTIMIZATION_LEVEL = 0;
				GCC_PREPROCESSOR_DEFINITIONS = (
					"DEBUG=1",
					"$(inherited)",
				);
				GCC_WARN_64_TO_32_BIT_CONVERSION = YES;
				GCC_WARN_ABOUT_RETURN_TYPE = YES_ERROR;
				GCC_WARN_UNDECLARED_SELECTOR = YES;
				GCC_WARN_UNINITIALIZED_AUTOS = YES_AGGRESSIVE;
				GCC_WARN_UNUSED_FUNCTION = YES;
				GCC_WARN_UNUSED_VARIABLE = YES;
				IPHONEOS_DEPLOYMENT_TARGET = 13.2;
				MTL_ENABLE_DEBUG_INFO = INCLUDE_SOURCE;
				MTL_FAST_MATH = YES;
				ONLY_ACTIVE_ARCH = YES;
				SDKROOT = iphoneos;
				SWIFT_ACTIVE_COMPILATION_CONDITIONS = DEBUG;
				SWIFT_OPTIMIZATION_LEVEL = "-Onone";
			};
			name = Debug;
		};
		B63A89702380446E00951FC0 /* Release */ = {
			isa = XCBuildConfiguration;
			buildSettings = {
				ALWAYS_SEARCH_USER_PATHS = NO;
				CLANG_ANALYZER_NONNULL = YES;
				CLANG_ANALYZER_NUMBER_OBJECT_CONVERSION = YES_AGGRESSIVE;
				CLANG_CXX_LANGUAGE_STANDARD = "gnu++14";
				CLANG_CXX_LIBRARY = "libc++";
				CLANG_ENABLE_MODULES = YES;
				CLANG_ENABLE_OBJC_ARC = YES;
				CLANG_ENABLE_OBJC_WEAK = YES;
				CLANG_WARN_BLOCK_CAPTURE_AUTORELEASING = YES;
				CLANG_WARN_BOOL_CONVERSION = YES;
				CLANG_WARN_COMMA = YES;
				CLANG_WARN_CONSTANT_CONVERSION = YES;
				CLANG_WARN_DEPRECATED_OBJC_IMPLEMENTATIONS = YES;
				CLANG_WARN_DIRECT_OBJC_ISA_USAGE = YES_ERROR;
				CLANG_WARN_DOCUMENTATION_COMMENTS = YES;
				CLANG_WARN_EMPTY_BODY = YES;
				CLANG_WARN_ENUM_CONVERSION = YES;
				CLANG_WARN_INFINITE_RECURSION = YES;
				CLANG_WARN_INT_CONVERSION = YES;
				CLANG_WARN_NON_LITERAL_NULL_CONVERSION = YES;
				CLANG_WARN_OBJC_IMPLICIT_RETAIN_SELF = YES;
				CLANG_WARN_OBJC_LITERAL_CONVERSION = YES;
				CLANG_WARN_OBJC_ROOT_CLASS = YES_ERROR;
				CLANG_WARN_RANGE_LOOP_ANALYSIS = YES;
				CLANG_WARN_STRICT_PROTOTYPES = YES;
				CLANG_WARN_SUSPICIOUS_MOVE = YES;
				CLANG_WARN_UNGUARDED_AVAILABILITY = YES_AGGRESSIVE;
				CLANG_WARN_UNREACHABLE_CODE = YES;
				CLANG_WARN__DUPLICATE_METHOD_MATCH = YES;
				COPY_PHASE_STRIP = NO;
				DEBUG_INFORMATION_FORMAT = "dwarf-with-dsym";
				ENABLE_NS_ASSERTIONS = NO;
				ENABLE_STRICT_OBJC_MSGSEND = YES;
				GCC_C_LANGUAGE_STANDARD = gnu11;
				GCC_NO_COMMON_BLOCKS = YES;
				GCC_WARN_64_TO_32_BIT_CONVERSION = YES;
				GCC_WARN_ABOUT_RETURN_TYPE = YES_ERROR;
				GCC_WARN_UNDECLARED_SELECTOR = YES;
				GCC_WARN_UNINITIALIZED_AUTOS = YES_AGGRESSIVE;
				GCC_WARN_UNUSED_FUNCTION = YES;
				GCC_WARN_UNUSED_VARIABLE = YES;
				IPHONEOS_DEPLOYMENT_TARGET = 13.2;
				MTL_ENABLE_DEBUG_INFO = NO;
				MTL_FAST_MATH = YES;
				SDKROOT = iphoneos;
				SWIFT_COMPILATION_MODE = wholemodule;
				SWIFT_OPTIMIZATION_LEVEL = "-O";
				VALIDATE_PRODUCT = YES;
			};
			name = Release;
		};
		B63A89722380446E00951FC0 /* Debug */ = {
			isa = XCBuildConfiguration;
			buildSettings = {
				ASSETCATALOG_COMPILER_APPICON_NAME = AppIcon;
				CODE_SIGN_STYLE = Automatic;
				DEVELOPMENT_ASSET_PATHS = "\"DiagnosticApp/Preview Content\"";
				DEVELOPMENT_TEAM = J6B8ZX28ZW;
				ENABLE_PREVIEWS = YES;
				INFOPLIST_FILE = DiagnosticApp/Info.plist;
				LD_RUNPATH_SEARCH_PATHS = (
					"$(inherited)",
					"@executable_path/Frameworks",
				);
				PRODUCT_BUNDLE_IDENTIFIER = oskman.DiagnosticApp;
				PRODUCT_NAME = "$(TARGET_NAME)";
				SWIFT_VERSION = 5.0;
				TARGETED_DEVICE_FAMILY = "1,2";
			};
			name = Debug;
		};
		B63A89732380446E00951FC0 /* Release */ = {
			isa = XCBuildConfiguration;
			buildSettings = {
				ASSETCATALOG_COMPILER_APPICON_NAME = AppIcon;
				CODE_SIGN_STYLE = Automatic;
				DEVELOPMENT_ASSET_PATHS = "\"DiagnosticApp/Preview Content\"";
				DEVELOPMENT_TEAM = J6B8ZX28ZW;
				ENABLE_PREVIEWS = YES;
				INFOPLIST_FILE = DiagnosticApp/Info.plist;
				LD_RUNPATH_SEARCH_PATHS = (
					"$(inherited)",
					"@executable_path/Frameworks",
				);
				PRODUCT_BUNDLE_IDENTIFIER = oskman.DiagnosticApp;
				PRODUCT_NAME = "$(TARGET_NAME)";
				SWIFT_VERSION = 5.0;
				TARGETED_DEVICE_FAMILY = "1,2";
			};
			name = Release;
		};
/* End XCBuildConfiguration section */

/* Begin XCConfigurationList section */
		B63A89582380446200951FC0 /* Build configuration list for PBXProject "DiagnosticApp" */ = {
			isa = XCConfigurationList;
			buildConfigurations = (
				B63A896F2380446E00951FC0 /* Debug */,
				B63A89702380446E00951FC0 /* Release */,
			);
			defaultConfigurationIsVisible = 0;
			defaultConfigurationName = Release;
		};
		B63A89712380446E00951FC0 /* Build configuration list for PBXNativeTarget "DiagnosticApp" */ = {
			isa = XCConfigurationList;
			buildConfigurations = (
				B63A89722380446E00951FC0 /* Debug */,
				B63A89732380446E00951FC0 /* Release */,
			);
			defaultConfigurationIsVisible = 0;
			defaultConfigurationName = Release;
		};
/* End XCConfigurationList section */
	};
	rootObject = B63A89552380446200951FC0 /* Project object */;
}
